Microsoft Visual Studio Solution File, Format Version 8.00
Project("{8BC9CEB8-8B4A-11D0-8D11-00A0C91BC942}") = "android_usb", "driver\android_usb.vcproj", "{D980BE56-A7AB-4E05-919B-677FB7716307}"
	ProjectSection(ProjectDependencies) = postProject
	EndProjectSection
EndProject
Project("{8BC9CEB8-8B4A-11D0-8D11-00A0C91BC942}") = "AdbWinApi", "api\AdbWinApi.vcproj", "{C0A471E9-6892-4270-96DE-DB5F8D526FB1}"
	ProjectSection(ProjectDependencies) = postProject
		{D980BE56-A7AB-4E05-919B-677FB7716307} = {D980BE56-A7AB-4E05-919B-677FB7716307}
	EndProjectSection
EndProject
Project("{8BC9CEB8-8B4A-11D0-8D11-00A0C91BC942}") = "device_emulator", "test\device_emulator\device_emulator.vcproj", "{EAB61831-9DDA-40AA-A5EF-2D9E8F9A5C59}"
	ProjectSection(ProjectDependencies) = postProject
		{D980BE56-A7AB-4E05-919B-677FB7716307} = {D980BE56-A7AB-4E05-919B-677FB7716307}
	EndProjectSection
EndProject
Project("{8BC9CEB8-8B4A-11D0-8D11-00A0C91BC942}") = "android_usb_test", "test\android_usb_test\android_usb_test.vcproj", "{9C6DBEED-9D2C-4FD8-B83D-88254035F78B}"
	ProjectSection(ProjectDependencies) = postProject
		{EAB61831-9DDA-40AA-A5EF-2D9E8F9A5C59} = {EAB61831-9DDA-40AA-A5EF-2D9E8F9A5C59}
		{D980BE56-A7AB-4E05-919B-677FB7716307} = {D980BE56-A7AB-4E05-919B-677FB7716307}
		{C0A471E9-6892-4270-96DE-DB5F8D526FB1} = {C0A471E9-6892-4270-96DE-DB5F8D526FB1}
	EndProjectSection
EndProject
Global
	GlobalSection(SolutionConfiguration) = preSolution
		Debug = Debug
		Release = Release
	EndGlobalSection
	GlobalSection(ProjectConfiguration) = postSolution
		{D980BE56-A7AB-4E05-919B-677FB7716307}.Debug.ActiveCfg = Debug|Win32
		{D980BE56-A7AB-4E05-919B-677FB7716307}.Debug.Build.0 = Debug|Win32
		{D980BE56-A7AB-4E05-919B-677FB7716307}.Release.ActiveCfg = Release|Win32
		{D980BE56-A7AB-4E05-919B-677FB7716307}.Release.Build.0 = Release|Win32
		{C0A471E9-6892-4270-96DE-DB5F8D526FB1}.Debug.ActiveCfg = Debug|Win32
		{C0A471E9-6892-4270-96DE-DB5F8D526FB1}.Debug.Build.0 = Debug|Win32
		{C0A471E9-6892-4270-96DE-DB5F8D526FB1}.Release.ActiveCfg = Release|Win32
		{C0A471E9-6892-4270-96DE-DB5F8D526FB1}.Release.Build.0 = Release|Win32
		{EAB61831-9DDA-40AA-A5EF-2D9E8F9A5C59}.Debug.ActiveCfg = Debug|Win32
		{EAB61831-9DDA-40AA-A5EF-2D9E8F9A5C59}.Debug.Build.0 = Debug|Win32
		{EAB61831-9DDA-40AA-A5EF-2D9E8F9A5C59}.Release.ActiveCfg = Release|Win32
		{EAB61831-9DDA-40AA-A5EF-2D9E8F9A5C59}.Release.Build.0 = Release|Win32
		{9C6DBEED-9D2C-4FD8-B83D-88254035F78B}.Debug.ActiveCfg = Debug|Win32
		{9C6DBEED-9D2C-4FD8-B83D-88254035F78B}.Debug.Build.0 = Debug|Win32
		{9C6DBEED-9D2C-4FD8-B83D-88254035F78B}.Release.ActiveCfg = Release|Win32
		{9C6DBEED-9D2C-4FD8-B83D-88254035F78B}.Release.Build.0 = Release|Win32
	EndGlobalSection
	GlobalSection(SolutionItems) = postSolution
		usb_windows.c = usb_windows.c
	EndGlobalSection
	GlobalSection(ExtensibilityGlobals) = postSolution
	EndGlobalSection
	GlobalSection(ExtensibilityAddIns) = postSolution
	EndGlobalSection
EndGlobal
